// !$*UTF8*$!
{
	archiveVersion = 1;
	classes = {
	};
	objectVersion = 50;
	objects = {

/* Begin PBXBuildFile section */
		D755AE902686217D009F5958 /* AppDelegate.swift in Sources */ = {isa = PBXBuildFile; fileRef = D755AE8F2686217D009F5958 /* AppDelegate.swift */; };
		D755AE9926862186009F5958 /* Assets.xcassets in Resources */ = {isa = PBXBuildFile; fileRef = D755AE9826862186009F5958 /* Assets.xcassets */; };
		D755AE9C26862186009F5958 /* LaunchScreen.storyboard in Resources */ = {isa = PBXBuildFile; fileRef = D755AE9A26862186009F5958 /* LaunchScreen.storyboard */; };
		D755AEA726862187009F5958 /* CodingAssignmentTests.swift in Sources */ = {isa = PBXBuildFile; fileRef = D755AEA626862187009F5958 /* CodingAssignmentTests.swift */; };
		D755AEB226862187009F5958 /* CodingAssignmentUITests.swift in Sources */ = {isa = PBXBuildFile; fileRef = D755AEB126862187009F5958 /* CodingAssignmentUITests.swift */; };
		D76493BD26874F7900962AAC /* CitiesListViewController.swift in Sources */ = {isa = PBXBuildFile; fileRef = D76493BC26874F7900962AAC /* CitiesListViewController.swift */; };
		D76493D0268751D100962AAC /* CityModel.swift in Sources */ = {isa = PBXBuildFile; fileRef = D76493CF268751D100962AAC /* CityModel.swift */; };
		D76493D92687521A00962AAC /* CitiesListViewModel.swift in Sources */ = {isa = PBXBuildFile; fileRef = D76493D82687521A00962AAC /* CitiesListViewModel.swift */; };
		D76493E22687527A00962AAC /* cities.json in Resources */ = {isa = PBXBuildFile; fileRef = D76493E12687527A00962AAC /* cities.json */; };
		D76493E8268752DB00962AAC /* CityTableViewCell.swift in Sources */ = {isa = PBXBuildFile; fileRef = D76493E7268752DB00962AAC /* CityTableViewCell.swift */; };
		D76493EE2687532A00962AAC /* TableViewDatasourceAndDelegate.swift in Sources */ = {isa = PBXBuildFile; fileRef = D76493ED2687532A00962AAC /* TableViewDatasourceAndDelegate.swift */; };
/* End PBXBuildFile section */

/* Begin PBXContainerItemProxy section */
		D755AEA326862187009F5958 /* PBXContainerItemProxy */ = {
			isa = PBXContainerItemProxy;
			containerPortal = D755AE842686217D009F5958 /* Project object */;
			proxyType = 1;
			remoteGlobalIDString = D755AE8B2686217D009F5958;
			remoteInfo = CodingAssignment;
		};
		D755AEAE26862187009F5958 /* PBXContainerItemProxy */ = {
			isa = PBXContainerItemProxy;
			containerPortal = D755AE842686217D009F5958 /* Project object */;
			proxyType = 1;
			remoteGlobalIDString = D755AE8B2686217D009F5958;
			remoteInfo = CodingAssignment;
		};
/* End PBXContainerItemProxy section */

/* Begin PBXFileReference section */
		D755AE8C2686217D009F5958 /* CodingAssignment.app */ = {isa = PBXFileReference; explicitFileType = wrapper.application; includeInIndex = 0; path = CodingAssignment.app; sourceTree = BUILT_PRODUCTS_DIR; };
		D755AE8F2686217D009F5958 /* AppDelegate.swift */ = {isa = PBXFileReference; lastKnownFileType = sourcecode.swift; path = AppDelegate.swift; sourceTree = "<group>"; };
		D755AE9826862186009F5958 /* Assets.xcassets */ = {isa = PBXFileReference; lastKnownFileType = folder.assetcatalog; path = Assets.xcassets; sourceTree = "<group>"; };
		D755AE9B26862186009F5958 /* Base */ = {isa = PBXFileReference; lastKnownFileType = file.storyboard; name = Base; path = Base.lproj/LaunchScreen.storyboard; sourceTree = "<group>"; };
		D755AE9D26862186009F5958 /* Info.plist */ = {isa = PBXFileReference; lastKnownFileType = text.plist.xml; path = Info.plist; sourceTree = "<group>"; };
		D755AEA226862187009F5958 /* CodingAssignmentTests.xctest */ = {isa = PBXFileReference; explicitFileType = wrapper.cfbundle; includeInIndex = 0; path = CodingAssignmentTests.xctest; sourceTree = BUILT_PRODUCTS_DIR; };
		D755AEA626862187009F5958 /* CodingAssignmentTests.swift */ = {isa = PBXFileReference; lastKnownFileType = sourcecode.swift; path = CodingAssignmentTests.swift; sourceTree = "<group>"; };
		D755AEA826862187009F5958 /* Info.plist */ = {isa = PBXFileReference; lastKnownFileType = text.plist.xml; path = Info.plist; sourceTree = "<group>"; };
		D755AEAD26862187009F5958 /* CodingAssignmentUITests.xctest */ = {isa = PBXFileReference; explicitFileType = wrapper.cfbundle; includeInIndex = 0; path = CodingAssignmentUITests.xctest; sourceTree = BUILT_PRODUCTS_DIR; };
		D755AEB126862187009F5958 /* CodingAssignmentUITests.swift */ = {isa = PBXFileReference; lastKnownFileType = sourcecode.swift; path = CodingAssignmentUITests.swift; sourceTree = "<group>"; };
		D755AEB326862187009F5958 /* Info.plist */ = {isa = PBXFileReference; lastKnownFileType = text.plist.xml; path = Info.plist; sourceTree = "<group>"; };
		D76493BC26874F7900962AAC /* CitiesListViewController.swift */ = {isa = PBXFileReference; lastKnownFileType = sourcecode.swift; path = CitiesListViewController.swift; sourceTree = "<group>"; };
		D76493CF268751D100962AAC /* CityModel.swift */ = {isa = PBXFileReference; lastKnownFileType = sourcecode.swift; path = CityModel.swift; sourceTree = "<group>"; };
		D76493D82687521A00962AAC /* CitiesListViewModel.swift */ = {isa = PBXFileReference; lastKnownFileType = sourcecode.swift; path = CitiesListViewModel.swift; sourceTree = "<group>"; };
		D76493E12687527A00962AAC /* cities.json */ = {isa = PBXFileReference; fileEncoding = 4; lastKnownFileType = text.json; path = cities.json; sourceTree = "<group>"; };
		D76493E7268752DB00962AAC /* CityTableViewCell.swift */ = {isa = PBXFileReference; lastKnownFileType = sourcecode.swift; path = CityTableViewCell.swift; sourceTree = "<group>"; };
		D76493ED2687532A00962AAC /* TableViewDatasourceAndDelegate.swift */ = {isa = PBXFileReference; lastKnownFileType = sourcecode.swift; path = TableViewDatasourceAndDelegate.swift; sourceTree = "<group>"; };
/* End PBXFileReference section */

/* Begin PBXFrameworksBuildPhase section */
		D755AE892686217D009F5958 /* Frameworks */ = {
			isa = PBXFrameworksBuildPhase;
			buildActionMask = 2147483647;
			files = (
			);
			runOnlyForDeploymentPostprocessing = 0;
		};
		D755AE9F26862187009F5958 /* Frameworks */ = {
			isa = PBXFrameworksBuildPhase;
			buildActionMask = 2147483647;
			files = (
			);
			runOnlyForDeploymentPostprocessing = 0;
		};
		D755AEAA26862187009F5958 /* Frameworks */ = {
			isa = PBXFrameworksBuildPhase;
			buildActionMask = 2147483647;
			files = (
			);
			runOnlyForDeploymentPostprocessing = 0;
		};
/* End PBXFrameworksBuildPhase section */

/* Begin PBXGroup section */
		D755AE832686217D009F5958 = {
			isa = PBXGroup;
			children = (
				D755AE8E2686217D009F5958 /* CodingAssignment */,
				D755AEA526862187009F5958 /* CodingAssignmentTests */,
				D755AEB026862187009F5958 /* CodingAssignmentUITests */,
				D755AE8D2686217D009F5958 /* Products */,
			);
			sourceTree = "<group>";
		};
		D755AE8D2686217D009F5958 /* Products */ = {
			isa = PBXGroup;
			children = (
				D755AE8C2686217D009F5958 /* CodingAssignment.app */,
				D755AEA226862187009F5958 /* CodingAssignmentTests.xctest */,
				D755AEAD26862187009F5958 /* CodingAssignmentUITests.xctest */,
			);
			name = Products;
			sourceTree = "<group>";
		};
		D755AE8E2686217D009F5958 /* CodingAssignment */ = {
			isa = PBXGroup;
			children = (
				D755AE8F2686217D009F5958 /* AppDelegate.swift */,
				D76493CA2687511E00962AAC /* Controllers */,
				D76493CE2687512A00962AAC /* Models */,
				D76493D7268751E800962AAC /* ViewModels */,
				D76493EC2687530100962AAC /* Extensions */,
				D76493E12687527A00962AAC /* cities.json */,
				D755AE9826862186009F5958 /* Assets.xcassets */,
				D755AE9A26862186009F5958 /* LaunchScreen.storyboard */,
				D755AE9D26862186009F5958 /* Info.plist */,
			);
			path = CodingAssignment;
			sourceTree = "<group>";
		};
		D755AEA526862187009F5958 /* CodingAssignmentTests */ = {
			isa = PBXGroup;
			children = (
				D755AEA626862187009F5958 /* CodingAssignmentTests.swift */,
				D755AEA826862187009F5958 /* Info.plist */,
			);
			path = CodingAssignmentTests;
			sourceTree = "<group>";
		};
		D755AEB026862187009F5958 /* CodingAssignmentUITests */ = {
			isa = PBXGroup;
			children = (
				D755AEB126862187009F5958 /* CodingAssignmentUITests.swift */,
				D755AEB326862187009F5958 /* Info.plist */,
			);
			path = CodingAssignmentUITests;
			sourceTree = "<group>";
		};
		D76493CA2687511E00962AAC /* Controllers */ = {
			isa = PBXGroup;
			children = (
				D76493BC26874F7900962AAC /* CitiesListViewController.swift */,
				D76493E6268752B300962AAC /* Cells */,
			);
			path = Controllers;
			sourceTree = "<group>";
		};
		D76493CE2687512A00962AAC /* Models */ = {
			isa = PBXGroup;
			children = (
				D76493CF268751D100962AAC /* CityModel.swift */,
			);
			path = Models;
			sourceTree = "<group>";
		};
		D76493D7268751E800962AAC /* ViewModels */ = {
			isa = PBXGroup;
			children = (
				D76493D82687521A00962AAC /* CitiesListViewModel.swift */,
			);
			path = ViewModels;
			sourceTree = "<group>";
		};
		D76493E6268752B300962AAC /* Cells */ = {
			isa = PBXGroup;
			children = (
				D76493E7268752DB00962AAC /* CityTableViewCell.swift */,
			);
			path = Cells;
			sourceTree = "<group>";
		};
		D76493EC2687530100962AAC /* Extensions */ = {
			isa = PBXGroup;
			children = (
				D76493ED2687532A00962AAC /* TableViewDatasourceAndDelegate.swift */,
			);
			path = Extensions;
			sourceTree = "<group>";
		};
/* End PBXGroup section */

/* Begin PBXNativeTarget section */
		D755AE8B2686217D009F5958 /* CodingAssignment */ = {
			isa = PBXNativeTarget;
			buildConfigurationList = D755AEB626862187009F5958 /* Build configuration list for PBXNativeTarget "CodingAssignment" */;
			buildPhases = (
				D755AE882686217D009F5958 /* Sources */,
				D755AE892686217D009F5958 /* Frameworks */,
				D755AE8A2686217D009F5958 /* Resources */,
			);
			buildRules = (
			);
			dependencies = (
			);
			name = CodingAssignment;
			productName = CodingAssignment;
			productReference = D755AE8C2686217D009F5958 /* CodingAssignment.app */;
			productType = "com.apple.product-type.application";
		};
		D755AEA126862187009F5958 /* CodingAssignmentTests */ = {
			isa = PBXNativeTarget;
			buildConfigurationList = D755AEB926862187009F5958 /* Build configuration list for PBXNativeTarget "CodingAssignmentTests" */;
			buildPhases = (
				D755AE9E26862187009F5958 /* Sources */,
				D755AE9F26862187009F5958 /* Frameworks */,
				D755AEA026862187009F5958 /* Resources */,
			);
			buildRules = (
			);
			dependencies = (
				D755AEA426862187009F5958 /* PBXTargetDependency */,
			);
			name = CodingAssignmentTests;
			productName = CodingAssignmentTests;
			productReference = D755AEA226862187009F5958 /* CodingAssignmentTests.xctest */;
			productType = "com.apple.product-type.bundle.unit-test";
		};
		D755AEAC26862187009F5958 /* CodingAssignmentUITests */ = {
			isa = PBXNativeTarget;
			buildConfigurationList = D755AEBC26862187009F5958 /* Build configuration list for PBXNativeTarget "CodingAssignmentUITests" */;
			buildPhases = (
				D755AEA926862187009F5958 /* Sources */,
				D755AEAA26862187009F5958 /* Frameworks */,
				D755AEAB26862187009F5958 /* Resources */,
			);
			buildRules = (
			);
			dependencies = (
				D755AEAF26862187009F5958 /* PBXTargetDependency */,
			);
			name = CodingAssignmentUITests;
			productName = CodingAssignmentUITests;
			productReference = D755AEAD26862187009F5958 /* CodingAssignmentUITests.xctest */;
			productType = "com.apple.product-type.bundle.ui-testing";
		};
/* End PBXNativeTarget section */

/* Begin PBXProject section */
		D755AE842686217D009F5958 /* Project object */ = {
			isa = PBXProject;
			attributes = {
				LastSwiftUpdateCheck = 1200;
				LastUpgradeCheck = 1200;
				TargetAttributes = {
					D755AE8B2686217D009F5958 = {
						CreatedOnToolsVersion = 12.0;
					};
					D755AEA126862187009F5958 = {
						CreatedOnToolsVersion = 12.0;
						TestTargetID = D755AE8B2686217D009F5958;
					};
					D755AEAC26862187009F5958 = {
						CreatedOnToolsVersion = 12.0;
						TestTargetID = D755AE8B2686217D009F5958;
					};
				};
			};
			buildConfigurationList = D755AE872686217D009F5958 /* Build configuration list for PBXProject "CodingAssignment" */;
			compatibilityVersion = "Xcode 9.3";
			developmentRegion = en;
			hasScannedForEncodings = 0;
			knownRegions = (
				en,
				Base,
			);
			mainGroup = D755AE832686217D009F5958;
			productRefGroup = D755AE8D2686217D009F5958 /* Products */;
			projectDirPath = "";
			projectRoot = "";
			targets = (
				D755AE8B2686217D009F5958 /* CodingAssignment */,
				D755AEA126862187009F5958 /* CodingAssignmentTests */,
				D755AEAC26862187009F5958 /* CodingAssignmentUITests */,
			);
		};
/* End PBXProject section */

/* Begin PBXResourcesBuildPhase section */
		D755AE8A2686217D009F5958 /* Resources */ = {
			isa = PBXResourcesBuildPhase;
			buildActionMask = 2147483647;
			files = (
				D76493E22687527A00962AAC /* cities.json in Resources */,
				D755AE9C26862186009F5958 /* LaunchScreen.storyboard in Resources */,
				D755AE9926862186009F5958 /* Assets.xcassets in Resources */,
			);
			runOnlyForDeploymentPostprocessing = 0;
		};
		D755AEA026862187009F5958 /* Resources */ = {
			isa = PBXResourcesBuildPhase;
			buildActionMask = 2147483647;
			files = (
			);
			runOnlyForDeploymentPostprocessing = 0;
		};
		D755AEAB26862187009F5958 /* Resources */ = {
			isa = PBXResourcesBuildPhase;
			buildActionMask = 2147483647;
			files = (
			);
			runOnlyForDeploymentPostprocessing = 0;
		};
/* End PBXResourcesBuildPhase section */

/* Begin PBXSourcesBuildPhase section */
		D755AE882686217D009F5958 /* Sources */ = {
			isa = PBXSourcesBuildPhase;
			buildActionMask = 2147483647;
			files = (
				D755AE902686217D009F5958 /* AppDelegate.swift in Sources */,
				D76493D92687521A00962AAC /* CitiesListViewModel.swift in Sources */,
				D76493E8268752DB00962AAC /* CityTableViewCell.swift in Sources */,
				D76493BD26874F7900962AAC /* CitiesListViewController.swift in Sources */,
				D76493D0268751D100962AAC /* CityModel.swift in Sources */,
				D76493EE2687532A00962AAC /* TableViewDatasourceAndDelegate.swift in Sources */,
			);
			runOnlyForDeploymentPostprocessing = 0;
		};
		D755AE9E26862187009F5958 /* Sources */ = {
			isa = PBXSourcesBuildPhase;
			buildActionMask = 2147483647;
			files = (
				D755AEA726862187009F5958 /* CodingAssignmentTests.swift in Sources */,
			);
			runOnlyForDeploymentPostprocessing = 0;
		};
		D755AEA926862187009F5958 /* Sources */ = {
			isa = PBXSourcesBuildPhase;
			buildActionMask = 2147483647;
			files = (
				D755AEB226862187009F5958 /* CodingAssignmentUITests.swift in Sources */,
			);
			runOnlyForDeploymentPostprocessing = 0;
		};
/* End PBXSourcesBuildPhase section */

/* Begin PBXTargetDependency section */
		D755AEA426862187009F5958 /* PBXTargetDependency */ = {
			isa = PBXTargetDependency;
			target = D755AE8B2686217D009F5958 /* CodingAssignment */;
			targetProxy = D755AEA326862187009F5958 /* PBXContainerItemProxy */;
		};
		D755AEAF26862187009F5958 /* PBXTargetDependency */ = {
			isa = PBXTargetDependency;
			target = D755AE8B2686217D009F5958 /* CodingAssignment */;
			targetProxy = D755AEAE26862187009F5958 /* PBXContainerItemProxy */;
		};
/* End PBXTargetDependency section */

/* Begin PBXVariantGroup section */
		D755AE9A26862186009F5958 /* LaunchScreen.storyboard */ = {
			isa = PBXVariantGroup;
			children = (
				D755AE9B26862186009F5958 /* Base */,
			);
			name = LaunchScreen.storyboard;
			sourceTree = "<group>";
		};
/* End PBXVariantGroup section */

/* Begin XCBuildConfiguration section */
		D755AEB426862187009F5958 /* Debug */ = {
			isa = XCBuildConfiguration;
			buildSettings = {
				ALWAYS_SEARCH_USER_PATHS = NO;
				CLANG_ANALYZER_NONNULL = YES;
				CLANG_ANALYZER_NUMBER_OBJECT_CONVERSION = YES_AGGRESSIVE;
				CLANG_CXX_LANGUAGE_STANDARD = "gnu++14";
				CLANG_CXX_LIBRARY = "libc++";
				CLANG_ENABLE_MODULES = YES;
				CLANG_ENABLE_OBJC_ARC = YES;
				CLANG_ENABLE_OBJC_WEAK = YES;
				CLANG_WARN_BLOCK_CAPTURE_AUTORELEASING = YES;
				CLANG_WARN_BOOL_CONVERSION = YES;
				CLANG_WARN_COMMA = YES;
				CLANG_WARN_CONSTANT_CONVERSION = YES;
				CLANG_WARN_DEPRECATED_OBJC_IMPLEMENTATIONS = YES;
				CLANG_WARN_DIRECT_OBJC_ISA_USAGE = YES_ERROR;
				CLANG_WARN_DOCUMENTATION_COMMENTS = YES;
				CLANG_WARN_EMPTY_BODY = YES;
				CLANG_WARN_ENUM_CONVERSION = YES;
				CLANG_WARN_INFINITE_RECURSION = YES;
				CLANG_WARN_INT_CONVERSION = YES;
				CLANG_WARN_NON_LITERAL_NULL_CONVERSION = YES;
				CLANG_WARN_OBJC_IMPLICIT_RETAIN_SELF = YES;
				CLANG_WARN_OBJC_LITERAL_CONVERSION = YES;
				CLANG_WARN_OBJC_ROOT_CLASS = YES_ERROR;
				CLANG_WARN_QUOTED_INCLUDE_IN_FRAMEWORK_HEADER = YES;
				CLANG_WARN_RANGE_LOOP_ANALYSIS = YES;
				CLANG_WARN_STRICT_PROTOTYPES = YES;
				CLANG_WARN_SUSPICIOUS_MOVE = YES;
				CLANG_WARN_UNGUARDED_AVAILABILITY = YES_AGGRESSIVE;
				CLANG_WARN_UNREACHABLE_CODE = YES;
				CLANG_WARN__DUPLICATE_METHOD_MATCH = YES;
				COPY_PHASE_STRIP = NO;
				DEBUG_INFORMATION_FORMAT = dwarf;
				ENABLE_STRICT_OBJC_MSGSEND = YES;
				ENABLE_TESTABILITY = YES;
				GCC_C_LANGUAGE_STANDARD = gnu11;
				GCC_DYNAMIC_NO_PIC = NO;
				GCC_NO_COMMON_BLOCKS = YES;
				GCC_OPTIMIZATION_LEVEL = 0;
				GCC_PREPROCESSOR_DEFINITIONS = (
					"DEBUG=1",
					"$(inherited)",
				);
				GCC_WARN_64_TO_32_BIT_CONVERSION = YES;
				GCC_WARN_ABOUT_RETURN_TYPE = YES_ERROR;
				GCC_WARN_UNDECLARED_SELECTOR = YES;
				GCC_WARN_UNINITIALIZED_AUTOS = YES_AGGRESSIVE;
				GCC_WARN_UNUSED_FUNCTION = YES;
				GCC_WARN_UNUSED_VARIABLE = YES;
				IPHONEOS_DEPLOYMENT_TARGET = 14.0;
				MTL_ENABLE_DEBUG_INFO = INCLUDE_SOURCE;
				MTL_FAST_MATH = YES;
				ONLY_ACTIVE_ARCH = YES;
				SDKROOT = iphoneos;
				SWIFT_ACTIVE_COMPILATION_CONDITIONS = DEBUG;
				SWIFT_OPTIMIZATION_LEVEL = "-Onone";
			};
			name = Debug;
		};
		D755AEB526862187009F5958 /* Release */ = {
			isa = XCBuildConfiguration;
			buildSettings = {
				ALWAYS_SEARCH_USER_PATHS = NO;
				CLANG_ANALYZER_NONNULL = YES;
				CLANG_ANALYZER_NUMBER_OBJECT_CONVERSION = YES_AGGRESSIVE;
				CLANG_CXX_LANGUAGE_STANDARD = "gnu++14";
				CLANG_CXX_LIBRARY = "libc++";
				CLANG_ENABLE_MODULES = YES;
				CLANG_ENABLE_OBJC_ARC = YES;
				CLANG_ENABLE_OBJC_WEAK = YES;
				CLANG_WARN_BLOCK_CAPTURE_AUTORELEASING = YES;
				CLANG_WARN_BOOL_CONVERSION = YES;
				CLANG_WARN_COMMA = YES;
				CLANG_WARN_CONSTANT_CONVERSION = YES;
				CLANG_WARN_DEPRECATED_OBJC_IMPLEMENTATIONS = YES;
				CLANG_WARN_DIRECT_OBJC_ISA_USAGE = YES_ERROR;
				CLANG_WARN_DOCUMENTATION_COMMENTS = YES;
				CLANG_WARN_EMPTY_BODY = YES;
				CLANG_WARN_ENUM_CONVERSION = YES;
				CLANG_WARN_INFINITE_RECURSION = YES;
				CLANG_WARN_INT_CONVERSION = YES;
				CLANG_WARN_NON_LITERAL_NULL_CONVERSION = YES;
				CLANG_WARN_OBJC_IMPLICIT_RETAIN_SELF = YES;
				CLANG_WARN_OBJC_LITERAL_CONVERSION = YES;
				CLANG_WARN_OBJC_ROOT_CLASS = YES_ERROR;
				CLANG_WARN_QUOTED_INCLUDE_IN_FRAMEWORK_HEADER = YES;
				CLANG_WARN_RANGE_LOOP_ANALYSIS = YES;
				CLANG_WARN_STRICT_PROTOTYPES = YES;
				CLANG_WARN_SUSPICIOUS_MOVE = YES;
				CLANG_WARN_UNGUARDED_AVAILABILITY = YES_AGGRESSIVE;
				CLANG_WARN_UNREACHABLE_CODE = YES;
				CLANG_WARN__DUPLICATE_METHOD_MATCH = YES;
				COPY_PHASE_STRIP = NO;
				DEBUG_INFORMATION_FORMAT = "dwarf-with-dsym";
				ENABLE_NS_ASSERTIONS = NO;
				ENABLE_STRICT_OBJC_MSGSEND = YES;
				GCC_C_LANGUAGE_STANDARD = gnu11;
				GCC_NO_COMMON_BLOCKS = YES;
				GCC_WARN_64_TO_32_BIT_CONVERSION = YES;
				GCC_WARN_ABOUT_RETURN_TYPE = YES_ERROR;
				GCC_WARN_UNDECLARED_SELECTOR = YES;
				GCC_WARN_UNINITIALIZED_AUTOS = YES_AGGRESSIVE;
				GCC_WARN_UNUSED_FUNCTION = YES;
				GCC_WARN_UNUSED_VARIABLE = YES;
				IPHONEOS_DEPLOYMENT_TARGET = 14.0;
				MTL_ENABLE_DEBUG_INFO = NO;
				MTL_FAST_MATH = YES;
				SDKROOT = iphoneos;
				SWIFT_COMPILATION_MODE = wholemodule;
				SWIFT_OPTIMIZATION_LEVEL = "-O";
				VALIDATE_PRODUCT = YES;
			};
			name = Release;
		};
		D755AEB726862187009F5958 /* Debug */ = {
			isa = XCBuildConfiguration;
			buildSettings = {
				ASSETCATALOG_COMPILER_APPICON_NAME = AppIcon;
				ASSETCATALOG_COMPILER_GLOBAL_ACCENT_COLOR_NAME = AccentColor;
				CODE_SIGN_STYLE = Automatic;
				DEVELOPMENT_TEAM = 8A5W3NH8PK;
				INFOPLIST_FILE = CodingAssignment/Info.plist;
				LD_RUNPATH_SEARCH_PATHS = (
					"$(inherited)",
					"@executable_path/Frameworks",
				);
				PRODUCT_BUNDLE_IDENTIFIER = com.CodingAssignment;
				PRODUCT_NAME = "$(TARGET_NAME)";
				SWIFT_VERSION = 5.0;
				TARGETED_DEVICE_FAMILY = "1,2";
			};
			name = Debug;
		};
		D755AEB826862187009F5958 /* Release */ = {
			isa = XCBuildConfiguration;
			buildSettings = {
				ASSETCATALOG_COMPILER_APPICON_NAME = AppIcon;
				ASSETCATALOG_COMPILER_GLOBAL_ACCENT_COLOR_NAME = AccentColor;
				CODE_SIGN_STYLE = Automatic;
				DEVELOPMENT_TEAM = 8A5W3NH8PK;
				INFOPLIST_FILE = CodingAssignment/Info.plist;
				LD_RUNPATH_SEARCH_PATHS = (
					"$(inherited)",
					"@executable_path/Frameworks",
				);
				PRODUCT_BUNDLE_IDENTIFIER = com.CodingAssignment;
				PRODUCT_NAME = "$(TARGET_NAME)";
				SWIFT_VERSION = 5.0;
				TARGETED_DEVICE_FAMILY = "1,2";
			};
			name = Release;
		};
		D755AEBA26862187009F5958 /* Debug */ = {
			isa = XCBuildConfiguration;
			buildSettings = {
				ALWAYS_EMBED_SWIFT_STANDARD_LIBRARIES = YES;
				BUNDLE_LOADER = "$(TEST_HOST)";
				CODE_SIGN_STYLE = Automatic;
				DEVELOPMENT_TEAM = 8A5W3NH8PK;
				INFOPLIST_FILE = CodingAssignmentTests/Info.plist;
				IPHONEOS_DEPLOYMENT_TARGET = 14.0;
				LD_RUNPATH_SEARCH_PATHS = (
					"$(inherited)",
					"@executable_path/Frameworks",
					"@loader_path/Frameworks",
				);
				PRODUCT_BUNDLE_IDENTIFIER = com.CodingAssignmentTests;
				PRODUCT_NAME = "$(TARGET_NAME)";
				SWIFT_VERSION = 5.0;
				TARGETED_DEVICE_FAMILY = "1,2";
				TEST_HOST = "$(BUILT_PRODUCTS_DIR)/CodingAssignment.app/CodingAssignment";
			};
			name = Debug;
		};
		D755AEBB26862187009F5958 /* Release */ = {
			isa = XCBuildConfiguration;
			buildSettings = {
				ALWAYS_EMBED_SWIFT_STANDARD_LIBRARIES = YES;
				BUNDLE_LOADER = "$(TEST_HOST)";
				CODE_SIGN_STYLE = Automatic;
				DEVELOPMENT_TEAM = 8A5W3NH8PK;
				INFOPLIST_FILE = CodingAssignmentTests/Info.plist;
				IPHONEOS_DEPLOYMENT_TARGET = 14.0;
				LD_RUNPATH_SEARCH_PATHS = (
					"$(inherited)",
					"@executable_path/Frameworks",
					"@loader_path/Frameworks",
				);
				PRODUCT_BUNDLE_IDENTIFIER = com.CodingAssignmentTests;
				PRODUCT_NAME = "$(TARGET_NAME)";
				SWIFT_VERSION = 5.0;
				TARGETED_DEVICE_FAMILY = "1,2";
				TEST_HOST = "$(BUILT_PRODUCTS_DIR)/CodingAssignment.app/CodingAssignment";
			};
			name = Release;
		};
		D755AEBD26862187009F5958 /* Debug */ = {
			isa = XCBuildConfiguration;
			buildSettings = {
				ALWAYS_EMBED_SWIFT_STANDARD_LIBRARIES = YES;
				CODE_SIGN_STYLE = Automatic;
				DEVELOPMENT_TEAM = 8A5W3NH8PK;
				INFOPLIST_FILE = CodingAssignmentUITests/Info.plist;
				LD_RUNPATH_SEARCH_PATHS = (
					"$(inherited)",
					"@executable_path/Frameworks",
					"@loader_path/Frameworks",
				);
				PRODUCT_BUNDLE_IDENTIFIER = com.CodingAssignmentUITests;
				PRODUCT_NAME = "$(TARGET_NAME)";
				SWIFT_VERSION = 5.0;
				TARGETED_DEVICE_FAMILY = "1,2";
				TEST_TARGET_NAME = CodingAssignment;
			};
			name = Debug;
		};
		D755AEBE26862187009F5958 /* Release */ = {
			isa = XCBuildConfiguration;
			buildSettings = {
				ALWAYS_EMBED_SWIFT_STANDARD_LIBRARIES = YES;
				CODE_SIGN_STYLE = Automatic;
				DEVELOPMENT_TEAM = 8A5W3NH8PK;
				INFOPLIST_FILE = CodingAssignmentUITests/Info.plist;
				LD_RUNPATH_SEARCH_PATHS = (
					"$(inherited)",
					"@executable_path/Frameworks",
					"@loader_path/Frameworks",
				);
				PRODUCT_BUNDLE_IDENTIFIER = com.CodingAssignmentUITests;
				PRODUCT_NAME = "$(TARGET_NAME)";
				SWIFT_VERSION = 5.0;
				TARGETED_DEVICE_FAMILY = "1,2";
				TEST_TARGET_NAME = CodingAssignment;
			};
			name = Release;
		};
/* End XCBuildConfiguration section */

/* Begin XCConfigurationList section */
		D755AE872686217D009F5958 /* Build configuration list for PBXProject "CodingAssignment" */ = {
			isa = XCConfigurationList;
			buildConfigurations = (
				D755AEB426862187009F5958 /* Debug */,
				D755AEB526862187009F5958 /* Release */,
			);
			defaultConfigurationIsVisible = 0;
			defaultConfigurationName = Release;
		};
		D755AEB626862187009F5958 /* Build configuration list for PBXNativeTarget "CodingAssignment" */ = {
			isa = XCConfigurationList;
			buildConfigurations = (
				D755AEB726862187009F5958 /* Debug */,
				D755AEB826862187009F5958 /* Release */,
			);
			defaultConfigurationIsVisible = 0;
			defaultConfigurationName = Release;
		};
		D755AEB926862187009F5958 /* Build configuration list for PBXNativeTarget "CodingAssignmentTests" */ = {
			isa = XCConfigurationList;
			buildConfigurations = (
				D755AEBA26862187009F5958 /* Debug */,
				D755AEBB26862187009F5958 /* Release */,
			);
			defaultConfigurationIsVisible = 0;
			defaultConfigurationName = Release;
		};
		D755AEBC26862187009F5958 /* Build configuration list for PBXNativeTarget "CodingAssignmentUITests" */ = {
			isa = XCConfigurationList;
			buildConfigurations = (
				D755AEBD26862187009F5958 /* Debug */,
				D755AEBE26862187009F5958 /* Release */,
			);
			defaultConfigurationIsVisible = 0;
			defaultConfigurationName = Release;
		};
/* End XCConfigurationList section */
	};
	rootObject = D755AE842686217D009F5958 /* Project object */;
}
